
Microsoft Visual Studio Solution File, Format Version 12.00
# Visual Studio Version 16
VisualStudioVersion = 16.0.29009.5
MinimumVisualStudioVersion = 10.0.40219.1
Project("{FAE04EC0-301F-11D3-BF4B-00C04F79EFBC}") = "NuBuilder", "NuBuilder.csproj", "{E174B28F-2CC6-4E33-99FA-A084F18AF1A3}"
EndProject
Project("{FAE04EC0-301F-11D3-BF4B-00C04F79EFBC}") = "Testunit", "Testunit\Testunit.csproj", "{033381CA-F26A-4C7F-A7C9-BBF09DEE0BA2}"
EndProject
Global
	GlobalSection(SolutionConfigurationPlatforms) = preSolution
		Debug|Any CPU = Debug|Any CPU
		Release|Any CPU = Release|Any CPU
	EndGlobalSection
	GlobalSection(ProjectConfigurationPlatforms) = postSolution
		{E174B28F-2CC6-4E33-99FA-A084F18AF1A3}.Debug|Any CPU.ActiveCfg = Debug|Any CPU
		{E174B28F-2CC6-4E33-99FA-A084F18AF1A3}.Debug|Any CPU.Build.0 = Debug|Any CPU
		{E174B28F-2CC6-4E33-99FA-A084F18AF1A3}.Release|Any CPU.ActiveCfg = Release|Any CPU
		{E174B28F-2CC6-4E33-99FA-A084F18AF1A3}.Release|Any CPU.Build.0 = Release|Any CPU
		{033381CA-F26A-4C7F-A7C9-BBF09DEE0BA2}.Debug|Any CPU.ActiveCfg = Debug|Any CPU
		{033381CA-F26A-4C7F-A7C9-BBF09DEE0BA2}.Debug|Any CPU.Build.0 = Debug|Any CPU
		{033381CA-F26A-4C7F-A7C9-BBF09DEE0BA2}.Release|Any CPU.ActiveCfg = Release|Any CPU
		{033381CA-F26A-4C7F-A7C9-BBF09DEE0BA2}.Release|Any CPU.Build.0 = Release|Any CPU
	EndGlobalSection
	GlobalSection(SolutionProperties) = preSolution
		HideSolutionNode = FALSE
	EndGlobalSection
	GlobalSection(ExtensibilityGlobals) = postSolution
		SolutionGuid = {E2522A76-2BDF-4BC8-8E9A-1D418503E8A7}
	EndGlobalSection
EndGlobal
